// !$*UTF8*$!
{
	archiveVersion = 1;
	classes = {
	};
	objectVersion = 46;
	objects = {

/* Begin PBXBuildFile section */
		092011A11E8B5C6A00CE4F79 /* WishListBooksViewController.swift in Sources */ = {isa = PBXBuildFile; fileRef = 092011A01E8B5C6A00CE4F79 /* WishListBooksViewController.swift */; };
		092011A31E8B5C7B00CE4F79 /* AddNewWishListBookViewController.swift in Sources */ = {isa = PBXBuildFile; fileRef = 092011A21E8B5C7B00CE4F79 /* AddNewWishListBookViewController.swift */; };
		092D62971E624B73001269D1 /* SwiftyJSON.framework in Frameworks */ = {isa = PBXBuildFile; fileRef = 092D62941E624B73001269D1 /* SwiftyJSON.framework */; };
		092D629B1E624BD5001269D1 /* SwiftyJSON.framework in CopyFiles */ = {isa = PBXBuildFile; fileRef = 092D62941E624B73001269D1 /* SwiftyJSON.framework */; settings = {ATTRIBUTES = (CodeSignOnCopy, RemoveHeadersOnCopy, ); }; };
		097C94241E94748700866ADB /* WishListBooksTableViewCell.swift in Sources */ = {isa = PBXBuildFile; fileRef = 097C94231E94748700866ADB /* WishListBooksTableViewCell.swift */; };
		4C1B2E311E66522D00305AFD /* BookViewController.swift in Sources */ = {isa = PBXBuildFile; fileRef = 4CB2209D1E54E84C00AF0647 /* BookViewController.swift */; };
		4C62DB6B1E81D8FA00932024 /* SearchViewController.swift in Sources */ = {isa = PBXBuildFile; fileRef = 4C62DB6A1E81D8FA00932024 /* SearchViewController.swift */; };
		4C7664CF1EAC1DE7002CA55E /* TutorialViewController.swift in Sources */ = {isa = PBXBuildFile; fileRef = 4C7664CE1EAC1DE7002CA55E /* TutorialViewController.swift */; };
		4C8D581C1E85B07000A40D0F /* SearchBookTableViewCell.swift in Sources */ = {isa = PBXBuildFile; fileRef = 4C8D581B1E85B07000A40D0F /* SearchBookTableViewCell.swift */; };
		4C99EFD11E6F9E20001D5EB1 /* CompletedBooksTableViewController.swift in Sources */ = {isa = PBXBuildFile; fileRef = 4C99EFD01E6F9E20001D5EB1 /* CompletedBooksTableViewController.swift */; };
		4C99EFD31E6F9E8F001D5EB1 /* CompletedBooksTableViewCell.swift in Sources */ = {isa = PBXBuildFile; fileRef = 4C99EFD21E6F9E8F001D5EB1 /* CompletedBooksTableViewCell.swift */; };
		4CB2209C1E54E84C00AF0647 /* AppDelegate.swift in Sources */ = {isa = PBXBuildFile; fileRef = 4CB2209B1E54E84C00AF0647 /* AppDelegate.swift */; };
		4CB220A11E54E84C00AF0647 /* Main.storyboard in Resources */ = {isa = PBXBuildFile; fileRef = 4CB2209F1E54E84C00AF0647 /* Main.storyboard */; };
		4CB220A31E54E84C00AF0647 /* Assets.xcassets in Resources */ = {isa = PBXBuildFile; fileRef = 4CB220A21E54E84C00AF0647 /* Assets.xcassets */; };
		4CB220A61E54E84C00AF0647 /* LaunchScreen.storyboard in Resources */ = {isa = PBXBuildFile; fileRef = 4CB220A41E54E84C00AF0647 /* LaunchScreen.storyboard */; };
		4CBF6F341E67EF5B003EE5B5 /* BookDetailsViewController.swift in Sources */ = {isa = PBXBuildFile; fileRef = 4CBF6F331E67EF5B003EE5B5 /* BookDetailsViewController.swift */; };
		4CC111921E651F1D00A9B8E4 /* BookManager.swift in Sources */ = {isa = PBXBuildFile; fileRef = 4CC111911E651F1D00A9B8E4 /* BookManager.swift */; };
		4CC40A471E7C9EAA00B8AED8 /* MGSwipeTableCell.framework in Frameworks */ = {isa = PBXBuildFile; fileRef = 4CC40A461E7C9EAA00B8AED8 /* MGSwipeTableCell.framework */; };
		4CDFD5F41E99845A0018B745 /* PureLayout.framework in Frameworks */ = {isa = PBXBuildFile; fileRef = 4CDFD5F31E99845A0018B745 /* PureLayout.framework */; };
		4CDFD5F51E99845A0018B745 /* PureLayout.framework in CopyFiles */ = {isa = PBXBuildFile; fileRef = 4CDFD5F31E99845A0018B745 /* PureLayout.framework */; settings = {ATTRIBUTES = (CodeSignOnCopy, RemoveHeadersOnCopy, ); }; };
		4CDFD5FB1E9986850018B745 /* MGSwipeTableCell.framework in Frameworks */ = {isa = PBXBuildFile; fileRef = 4CC40A461E7C9EAA00B8AED8 /* MGSwipeTableCell.framework */; };
		4CDFD5FC1E9986850018B745 /* MGSwipeTableCell.framework in CopyFiles */ = {isa = PBXBuildFile; fileRef = 4CC40A461E7C9EAA00B8AED8 /* MGSwipeTableCell.framework */; settings = {ATTRIBUTES = (CodeSignOnCopy, RemoveHeadersOnCopy, ); }; };
		4CE19B351E5FEEB20085B508 /* Book.swift in Sources */ = {isa = PBXBuildFile; fileRef = 4CE19B341E5FEEB20085B508 /* Book.swift */; };
		4CE19B371E5FF0860085B508 /* ReadingBooksTableViewCell.swift in Sources */ = {isa = PBXBuildFile; fileRef = 4CE19B361E5FF0860085B508 /* ReadingBooksTableViewCell.swift */; };
		4CE19B391E5FF2480085B508 /* ReadingBooksTableViewController.swift in Sources */ = {isa = PBXBuildFile; fileRef = 4CE19B381E5FF2480085B508 /* ReadingBooksTableViewController.swift */; };
		A2DAC8751E675ADB009D3D8F /* Realm.framework in Frameworks */ = {isa = PBXBuildFile; fileRef = A2DAC8731E675ADB009D3D8F /* Realm.framework */; };
		A2DAC8761E675ADB009D3D8F /* RealmSwift.framework in Frameworks */ = {isa = PBXBuildFile; fileRef = A2DAC8741E675ADB009D3D8F /* RealmSwift.framework */; };
/* End PBXBuildFile section */

/* Begin PBXCopyFilesBuildPhase section */
		092D62981E624BB2001269D1 /* CopyFiles */ = {
			isa = PBXCopyFilesBuildPhase;
			buildActionMask = 2147483647;
			dstPath = "";
			dstSubfolderSpec = 10;
			files = (
				4CDFD5F51E99845A0018B745 /* PureLayout.framework in CopyFiles */,
				4CDFD5FC1E9986850018B745 /* MGSwipeTableCell.framework in CopyFiles */,
				092D629B1E624BD5001269D1 /* SwiftyJSON.framework in CopyFiles */,
			);
			runOnlyForDeploymentPostprocessing = 0;
		};
/* End PBXCopyFilesBuildPhase section */

/* Begin PBXFileReference section */
		092011A01E8B5C6A00CE4F79 /* WishListBooksViewController.swift */ = {isa = PBXFileReference; fileEncoding = 4; lastKnownFileType = sourcecode.swift; path = WishListBooksViewController.swift; sourceTree = "<group>"; };
		092011A21E8B5C7B00CE4F79 /* AddNewWishListBookViewController.swift */ = {isa = PBXFileReference; fileEncoding = 4; lastKnownFileType = sourcecode.swift; path = AddNewWishListBookViewController.swift; sourceTree = "<group>"; };
		092D62941E624B73001269D1 /* SwiftyJSON.framework */ = {isa = PBXFileReference; lastKnownFileType = wrapper.framework; name = SwiftyJSON.framework; path = Carthage/Build/iOS/SwiftyJSON.framework; sourceTree = "<group>"; };
		097C94231E94748700866ADB /* WishListBooksTableViewCell.swift */ = {isa = PBXFileReference; fileEncoding = 4; lastKnownFileType = sourcecode.swift; path = WishListBooksTableViewCell.swift; sourceTree = "<group>"; };
		4C62DB6A1E81D8FA00932024 /* SearchViewController.swift */ = {isa = PBXFileReference; fileEncoding = 4; lastKnownFileType = sourcecode.swift; path = SearchViewController.swift; sourceTree = "<group>"; };
		4C7664CE1EAC1DE7002CA55E /* TutorialViewController.swift */ = {isa = PBXFileReference; fileEncoding = 4; lastKnownFileType = sourcecode.swift; path = TutorialViewController.swift; sourceTree = "<group>"; };
		4C8D581B1E85B07000A40D0F /* SearchBookTableViewCell.swift */ = {isa = PBXFileReference; fileEncoding = 4; lastKnownFileType = sourcecode.swift; path = SearchBookTableViewCell.swift; sourceTree = "<group>"; };
		4C99EFD01E6F9E20001D5EB1 /* CompletedBooksTableViewController.swift */ = {isa = PBXFileReference; fileEncoding = 4; lastKnownFileType = sourcecode.swift; path = CompletedBooksTableViewController.swift; sourceTree = "<group>"; };
		4C99EFD21E6F9E8F001D5EB1 /* CompletedBooksTableViewCell.swift */ = {isa = PBXFileReference; fileEncoding = 4; lastKnownFileType = sourcecode.swift; path = CompletedBooksTableViewCell.swift; sourceTree = "<group>"; };
		4CB220981E54E84C00AF0647 /* BookIt.app */ = {isa = PBXFileReference; explicitFileType = wrapper.application; includeInIndex = 0; path = BookIt.app; sourceTree = BUILT_PRODUCTS_DIR; };
		4CB2209B1E54E84C00AF0647 /* AppDelegate.swift */ = {isa = PBXFileReference; lastKnownFileType = sourcecode.swift; path = AppDelegate.swift; sourceTree = "<group>"; };
		4CB2209D1E54E84C00AF0647 /* BookViewController.swift */ = {isa = PBXFileReference; lastKnownFileType = sourcecode.swift; path = BookViewController.swift; sourceTree = "<group>"; };
		4CB220A01E54E84C00AF0647 /* Base */ = {isa = PBXFileReference; lastKnownFileType = file.storyboard; name = Base; path = Base.lproj/Main.storyboard; sourceTree = "<group>"; };
		4CB220A21E54E84C00AF0647 /* Assets.xcassets */ = {isa = PBXFileReference; lastKnownFileType = folder.assetcatalog; path = Assets.xcassets; sourceTree = "<group>"; };
		4CB220A51E54E84C00AF0647 /* Base */ = {isa = PBXFileReference; lastKnownFileType = file.storyboard; name = Base; path = Base.lproj/LaunchScreen.storyboard; sourceTree = "<group>"; };
		4CB220A71E54E84C00AF0647 /* Info.plist */ = {isa = PBXFileReference; lastKnownFileType = text.plist.xml; path = Info.plist; sourceTree = "<group>"; };
		4CBF6F331E67EF5B003EE5B5 /* BookDetailsViewController.swift */ = {isa = PBXFileReference; fileEncoding = 4; lastKnownFileType = sourcecode.swift; path = BookDetailsViewController.swift; sourceTree = "<group>"; };
		4CC111911E651F1D00A9B8E4 /* BookManager.swift */ = {isa = PBXFileReference; fileEncoding = 4; lastKnownFileType = sourcecode.swift; path = BookManager.swift; sourceTree = "<group>"; };
		4CC40A461E7C9EAA00B8AED8 /* MGSwipeTableCell.framework */ = {isa = PBXFileReference; lastKnownFileType = wrapper.framework; name = MGSwipeTableCell.framework; path = Carthage/Build/iOS/MGSwipeTableCell.framework; sourceTree = "<group>"; };
		4CDFD5F31E99845A0018B745 /* PureLayout.framework */ = {isa = PBXFileReference; lastKnownFileType = wrapper.framework; name = PureLayout.framework; path = Carthage/Build/iOS/PureLayout.framework; sourceTree = "<group>"; };
		4CDFD5F71E9984900018B745 /* PureLayout.framework.dSYM */ = {isa = PBXFileReference; lastKnownFileType = wrapper.dsym; name = PureLayout.framework.dSYM; path = Carthage/Build/iOS/PureLayout.framework.dSYM; sourceTree = "<group>"; };
		4CE19B341E5FEEB20085B508 /* Book.swift */ = {isa = PBXFileReference; fileEncoding = 4; lastKnownFileType = sourcecode.swift; path = Book.swift; sourceTree = "<group>"; };
		4CE19B361E5FF0860085B508 /* ReadingBooksTableViewCell.swift */ = {isa = PBXFileReference; fileEncoding = 4; lastKnownFileType = sourcecode.swift; path = ReadingBooksTableViewCell.swift; sourceTree = "<group>"; };
		4CE19B381E5FF2480085B508 /* ReadingBooksTableViewController.swift */ = {isa = PBXFileReference; fileEncoding = 4; lastKnownFileType = sourcecode.swift; path = ReadingBooksTableViewController.swift; sourceTree = "<group>"; };
		A2DAC8731E675ADB009D3D8F /* Realm.framework */ = {isa = PBXFileReference; lastKnownFileType = wrapper.framework; name = Realm.framework; path = Carthage/Build/iOS/Realm.framework; sourceTree = "<group>"; };
		A2DAC8741E675ADB009D3D8F /* RealmSwift.framework */ = {isa = PBXFileReference; lastKnownFileType = wrapper.framework; name = RealmSwift.framework; path = Carthage/Build/iOS/RealmSwift.framework; sourceTree = "<group>"; };
/* End PBXFileReference section */

/* Begin PBXFrameworksBuildPhase section */
		4CB220951E54E84C00AF0647 /* Frameworks */ = {
			isa = PBXFrameworksBuildPhase;
			buildActionMask = 2147483647;
			files = (
				092D62971E624B73001269D1 /* SwiftyJSON.framework in Frameworks */,
				A2DAC8751E675ADB009D3D8F /* Realm.framework in Frameworks */,
				A2DAC8761E675ADB009D3D8F /* RealmSwift.framework in Frameworks */,
				4CDFD5F41E99845A0018B745 /* PureLayout.framework in Frameworks */,
				4CDFD5FB1E9986850018B745 /* MGSwipeTableCell.framework in Frameworks */,
				4CC40A471E7C9EAA00B8AED8 /* MGSwipeTableCell.framework in Frameworks */,
			);
			runOnlyForDeploymentPostprocessing = 0;
		};
/* End PBXFrameworksBuildPhase section */

/* Begin PBXGroup section */
		092D62911E624B71001269D1 /* Frameworks */ = {
			isa = PBXGroup;
			children = (
				4CDFD5F71E9984900018B745 /* PureLayout.framework.dSYM */,
				4CC40A461E7C9EAA00B8AED8 /* MGSwipeTableCell.framework */,
				A2DAC8731E675ADB009D3D8F /* Realm.framework */,
				A2DAC8741E675ADB009D3D8F /* RealmSwift.framework */,
				092D62941E624B73001269D1 /* SwiftyJSON.framework */,
				4CDFD5F31E99845A0018B745 /* PureLayout.framework */,
			);
			name = Frameworks;
			sourceTree = "<group>";
		};
		4C8859F01EA2C9AF001B1DA4 /* Unused codes */ = {
			isa = PBXGroup;
			children = (
				4CBF6F331E67EF5B003EE5B5 /* BookDetailsViewController.swift */,
				4C8D581B1E85B07000A40D0F /* SearchBookTableViewCell.swift */,
				4C62DB6A1E81D8FA00932024 /* SearchViewController.swift */,
				092011A21E8B5C7B00CE4F79 /* AddNewWishListBookViewController.swift */,
			);
			name = "Unused codes";
			sourceTree = "<group>";
		};
		4CB2208F1E54E84C00AF0647 = {
			isa = PBXGroup;
			children = (
				4CB2209A1E54E84C00AF0647 /* BookIt */,
				4CB220991E54E84C00AF0647 /* Products */,
				092D62911E624B71001269D1 /* Frameworks */,
			);
			sourceTree = "<group>";
		};
		4CB220991E54E84C00AF0647 /* Products */ = {
			isa = PBXGroup;
			children = (
				4CB220981E54E84C00AF0647 /* BookIt.app */,
			);
			name = Products;
			sourceTree = "<group>";
		};
		4CB2209A1E54E84C00AF0647 /* BookIt */ = {
			isa = PBXGroup;
			children = (
				4C8859F01EA2C9AF001B1DA4 /* Unused codes */,
				4CB220AD1E54E85D00AF0647 /* Supporting Files */,
				4CB2209D1E54E84C00AF0647 /* BookViewController.swift */,
				4C7664CE1EAC1DE7002CA55E /* TutorialViewController.swift */,
				4CE19B361E5FF0860085B508 /* ReadingBooksTableViewCell.swift */,
				4CE19B381E5FF2480085B508 /* ReadingBooksTableViewController.swift */,
				4C99EFD21E6F9E8F001D5EB1 /* CompletedBooksTableViewCell.swift */,
				4C99EFD01E6F9E20001D5EB1 /* CompletedBooksTableViewController.swift */,
				4CB2209F1E54E84C00AF0647 /* Main.storyboard */,
				4CE19B341E5FEEB20085B508 /* Book.swift */,
				4CC111911E651F1D00A9B8E4 /* BookManager.swift */,
				092011A01E8B5C6A00CE4F79 /* WishListBooksViewController.swift */,
				097C94231E94748700866ADB /* WishListBooksTableViewCell.swift */,
			);
			name = BookIt;
			path = Bookmark_MVP;
			sourceTree = "<group>";
		};
		4CB220AD1E54E85D00AF0647 /* Supporting Files */ = {
			isa = PBXGroup;
			children = (
				4CB2209B1E54E84C00AF0647 /* AppDelegate.swift */,
				4CB220A21E54E84C00AF0647 /* Assets.xcassets */,
				4CB220A41E54E84C00AF0647 /* LaunchScreen.storyboard */,
				4CB220A71E54E84C00AF0647 /* Info.plist */,
			);
			name = "Supporting Files";
			sourceTree = "<group>";
		};
/* End PBXGroup section */

/* Begin PBXNativeTarget section */
		4CB220971E54E84C00AF0647 /* BookIt */ = {
			isa = PBXNativeTarget;
			buildConfigurationList = 4CB220AA1E54E84C00AF0647 /* Build configuration list for PBXNativeTarget "BookIt" */;
			buildPhases = (
				4CB220941E54E84C00AF0647 /* Sources */,
				4CB220951E54E84C00AF0647 /* Frameworks */,
				4CB220961E54E84C00AF0647 /* Resources */,
				092D62981E624BB2001269D1 /* CopyFiles */,
				A2DAC8771E675AE4009D3D8F /* ShellScript */,
			);
			buildRules = (
			);
			dependencies = (
			);
			name = BookIt;
			productName = Bookmark_MVP;
			productReference = 4CB220981E54E84C00AF0647 /* BookIt.app */;
			productType = "com.apple.product-type.application";
		};
/* End PBXNativeTarget section */

/* Begin PBXProject section */
		4CB220901E54E84C00AF0647 /* Project object */ = {
			isa = PBXProject;
			attributes = {
				LastSwiftUpdateCheck = 0820;
				LastUpgradeCheck = 0820;
				ORGANIZATIONNAME = "Team Grant_le_mandel";
				TargetAttributes = {
					4CB220971E54E84C00AF0647 = {
						CreatedOnToolsVersion = 8.2.1;
						DevelopmentTeam = 45DBHK3PL2;
						ProvisioningStyle = Automatic;
					};
				};
			};
			buildConfigurationList = 4CB220931E54E84C00AF0647 /* Build configuration list for PBXProject "BookIt" */;
			compatibilityVersion = "Xcode 3.2";
			developmentRegion = English;
			hasScannedForEncodings = 0;
			knownRegions = (
				en,
				Base,
			);
			mainGroup = 4CB2208F1E54E84C00AF0647;
			productRefGroup = 4CB220991E54E84C00AF0647 /* Products */;
			projectDirPath = "";
			projectRoot = "";
			targets = (
				4CB220971E54E84C00AF0647 /* BookIt */,
			);
		};
/* End PBXProject section */

/* Begin PBXResourcesBuildPhase section */
		4CB220961E54E84C00AF0647 /* Resources */ = {
			isa = PBXResourcesBuildPhase;
			buildActionMask = 2147483647;
			files = (
				4CB220A61E54E84C00AF0647 /* LaunchScreen.storyboard in Resources */,
				4CB220A31E54E84C00AF0647 /* Assets.xcassets in Resources */,
				4CB220A11E54E84C00AF0647 /* Main.storyboard in Resources */,
			);
			runOnlyForDeploymentPostprocessing = 0;
		};
/* End PBXResourcesBuildPhase section */

/* Begin PBXShellScriptBuildPhase section */
		A2DAC8771E675AE4009D3D8F /* ShellScript */ = {
			isa = PBXShellScriptBuildPhase;
			buildActionMask = 2147483647;
			files = (
			);
			inputPaths = (
				"$(SRCROOT)/Carthage/Build/iOS/Realm.framework",
				"$(SRCROOT)/Carthage/Build/iOS/RealmSwift.framework",
				"$(SRCROOT)/Carthage/Build/iOS/MGSwipeTableCell.framework",
				"$(SRCROOT)/Carthage/Build/iOS/PureLayout.framework",
			);
			outputPaths = (
			);
			runOnlyForDeploymentPostprocessing = 0;
			shellPath = /bin/sh;
			shellScript = "/usr/local/bin/carthage copy-frameworks";
		};
/* End PBXShellScriptBuildPhase section */

/* Begin PBXSourcesBuildPhase section */
		4CB220941E54E84C00AF0647 /* Sources */ = {
			isa = PBXSourcesBuildPhase;
			buildActionMask = 2147483647;
			files = (
				092011A31E8B5C7B00CE4F79 /* AddNewWishListBookViewController.swift in Sources */,
				4C8D581C1E85B07000A40D0F /* SearchBookTableViewCell.swift in Sources */,
				097C94241E94748700866ADB /* WishListBooksTableViewCell.swift in Sources */,
				4C62DB6B1E81D8FA00932024 /* SearchViewController.swift in Sources */,
				4CC111921E651F1D00A9B8E4 /* BookManager.swift in Sources */,
				4C1B2E311E66522D00305AFD /* BookViewController.swift in Sources */,
				4CBF6F341E67EF5B003EE5B5 /* BookDetailsViewController.swift in Sources */,
				4C7664CF1EAC1DE7002CA55E /* TutorialViewController.swift in Sources */,
				4CE19B391E5FF2480085B508 /* ReadingBooksTableViewController.swift in Sources */,
				4C99EFD31E6F9E8F001D5EB1 /* CompletedBooksTableViewCell.swift in Sources */,
				4CE19B371E5FF0860085B508 /* ReadingBooksTableViewCell.swift in Sources */,
				092011A11E8B5C6A00CE4F79 /* WishListBooksViewController.swift in Sources */,
				4CB2209C1E54E84C00AF0647 /* AppDelegate.swift in Sources */,
				4C99EFD11E6F9E20001D5EB1 /* CompletedBooksTableViewController.swift in Sources */,
				4CE19B351E5FEEB20085B508 /* Book.swift in Sources */,
			);
			runOnlyForDeploymentPostprocessing = 0;
		};
/* End PBXSourcesBuildPhase section */

/* Begin PBXVariantGroup section */
		4CB2209F1E54E84C00AF0647 /* Main.storyboard */ = {
			isa = PBXVariantGroup;
			children = (
				4CB220A01E54E84C00AF0647 /* Base */,
			);
			name = Main.storyboard;
			sourceTree = "<group>";
		};
		4CB220A41E54E84C00AF0647 /* LaunchScreen.storyboard */ = {
			isa = PBXVariantGroup;
			children = (
				4CB220A51E54E84C00AF0647 /* Base */,
			);
			name = LaunchScreen.storyboard;
			sourceTree = "<group>";
		};
/* End PBXVariantGroup section */

/* Begin XCBuildConfiguration section */
		4CB220A81E54E84C00AF0647 /* Debug */ = {
			isa = XCBuildConfiguration;
			buildSettings = {
				ALWAYS_SEARCH_USER_PATHS = NO;
				CLANG_ANALYZER_NONNULL = YES;
				CLANG_CXX_LANGUAGE_STANDARD = "gnu++0x";
				CLANG_CXX_LIBRARY = "libc++";
				CLANG_ENABLE_MODULES = YES;
				CLANG_ENABLE_OBJC_ARC = YES;
				CLANG_WARN_BOOL_CONVERSION = YES;
				CLANG_WARN_CONSTANT_CONVERSION = YES;
				CLANG_WARN_DIRECT_OBJC_ISA_USAGE = YES_ERROR;
				CLANG_WARN_DOCUMENTATION_COMMENTS = YES;
				CLANG_WARN_EMPTY_BODY = YES;
				CLANG_WARN_ENUM_CONVERSION = YES;
				CLANG_WARN_INFINITE_RECURSION = YES;
				CLANG_WARN_INT_CONVERSION = YES;
				CLANG_WARN_OBJC_ROOT_CLASS = YES_ERROR;
				CLANG_WARN_SUSPICIOUS_MOVE = YES;
				CLANG_WARN_UNREACHABLE_CODE = YES;
				CLANG_WARN__DUPLICATE_METHOD_MATCH = YES;
				"CODE_SIGN_IDENTITY[sdk=iphoneos*]" = "iPhone Developer";
				COPY_PHASE_STRIP = NO;
				DEBUG_INFORMATION_FORMAT = dwarf;
				ENABLE_STRICT_OBJC_MSGSEND = YES;
				ENABLE_TESTABILITY = YES;
				GCC_C_LANGUAGE_STANDARD = gnu99;
				GCC_DYNAMIC_NO_PIC = NO;
				GCC_NO_COMMON_BLOCKS = YES;
				GCC_OPTIMIZATION_LEVEL = 0;
				GCC_PREPROCESSOR_DEFINITIONS = (
					"DEBUG=1",
					"$(inherited)",
				);
				GCC_WARN_64_TO_32_BIT_CONVERSION = YES;
				GCC_WARN_ABOUT_RETURN_TYPE = YES_ERROR;
				GCC_WARN_UNDECLARED_SELECTOR = YES;
				GCC_WARN_UNINITIALIZED_AUTOS = YES_AGGRESSIVE;
				GCC_WARN_UNUSED_FUNCTION = YES;
				GCC_WARN_UNUSED_VARIABLE = YES;
				IPHONEOS_DEPLOYMENT_TARGET = 10.2;
				MTL_ENABLE_DEBUG_INFO = YES;
				ONLY_ACTIVE_ARCH = YES;
				SDKROOT = iphoneos;
				SWIFT_ACTIVE_COMPILATION_CONDITIONS = DEBUG;
				SWIFT_OPTIMIZATION_LEVEL = "-Onone";
				TARGETED_DEVICE_FAMILY = "1,2";
			};
			name = Debug;
		};
		4CB220A91E54E84C00AF0647 /* Release */ = {
			isa = XCBuildConfiguration;
			buildSettings = {
				ALWAYS_SEARCH_USER_PATHS = NO;
				CLANG_ANALYZER_NONNULL = YES;
				CLANG_CXX_LANGUAGE_STANDARD = "gnu++0x";
				CLANG_CXX_LIBRARY = "libc++";
				CLANG_ENABLE_MODULES = YES;
				CLANG_ENABLE_OBJC_ARC = YES;
				CLANG_WARN_BOOL_CONVERSION = YES;
				CLANG_WARN_CONSTANT_CONVERSION = YES;
				CLANG_WARN_DIRECT_OBJC_ISA_USAGE = YES_ERROR;
				CLANG_WARN_DOCUMENTATION_COMMENTS = YES;
				CLANG_WARN_EMPTY_BODY = YES;
				CLANG_WARN_ENUM_CONVERSION = YES;
				CLANG_WARN_INFINITE_RECURSION = YES;
				CLANG_WARN_INT_CONVERSION = YES;
				CLANG_WARN_OBJC_ROOT_CLASS = YES_ERROR;
				CLANG_WARN_SUSPICIOUS_MOVE = YES;
				CLANG_WARN_UNREACHABLE_CODE = YES;
				CLANG_WARN__DUPLICATE_METHOD_MATCH = YES;
				"CODE_SIGN_IDENTITY[sdk=iphoneos*]" = "iPhone Developer";
				COPY_PHASE_STRIP = NO;
				DEBUG_INFORMATION_FORMAT = "dwarf-with-dsym";
				ENABLE_NS_ASSERTIONS = NO;
				ENABLE_STRICT_OBJC_MSGSEND = YES;
				GCC_C_LANGUAGE_STANDARD = gnu99;
				GCC_NO_COMMON_BLOCKS = YES;
				GCC_WARN_64_TO_32_BIT_CONVERSION = YES;
				GCC_WARN_ABOUT_RETURN_TYPE = YES_ERROR;
				GCC_WARN_UNDECLARED_SELECTOR = YES;
				GCC_WARN_UNINITIALIZED_AUTOS = YES_AGGRESSIVE;
				GCC_WARN_UNUSED_FUNCTION = YES;
				GCC_WARN_UNUSED_VARIABLE = YES;
				IPHONEOS_DEPLOYMENT_TARGET = 10.2;
				MTL_ENABLE_DEBUG_INFO = NO;
				SDKROOT = iphoneos;
				SWIFT_OPTIMIZATION_LEVEL = "-Owholemodule";
				TARGETED_DEVICE_FAMILY = "1,2";
				VALIDATE_PRODUCT = YES;
			};
			name = Release;
		};
		4CB220AB1E54E84C00AF0647 /* Debug */ = {
			isa = XCBuildConfiguration;
			buildSettings = {
				ASSETCATALOG_COMPILER_APPICON_NAME = AppIcon;
				DEVELOPMENT_TEAM = 45DBHK3PL2;
				FRAMEWORK_SEARCH_PATHS = (
					"$(inherited)",
					"$(PROJECT_DIR)/Carthage/Build/iOS",
				);
				INFOPLIST_FILE = Bookmark_MVP/Info.plist;
				IPHONEOS_DEPLOYMENT_TARGET = 10.2;
				LD_RUNPATH_SEARCH_PATHS = "$(inherited) @executable_path/Frameworks";
				PRODUCT_BUNDLE_IDENTIFIER = edu.macalester.COMP225.BookIt;
				PRODUCT_NAME = "$(TARGET_NAME)";
				SWIFT_VERSION = 3.0;
			};
			name = Debug;
		};
		4CB220AC1E54E84C00AF0647 /* Release */ = {
			isa = XCBuildConfiguration;
			buildSettings = {
				ASSETCATALOG_COMPILER_APPICON_NAME = AppIcon;
				DEVELOPMENT_TEAM = 45DBHK3PL2;
				FRAMEWORK_SEARCH_PATHS = (
					"$(inherited)",
					"$(PROJECT_DIR)/Carthage/Build/iOS",
				);
				INFOPLIST_FILE = Bookmark_MVP/Info.plist;
				IPHONEOS_DEPLOYMENT_TARGET = 10.2;
				LD_RUNPATH_SEARCH_PATHS = "$(inherited) @executable_path/Frameworks";
				PRODUCT_BUNDLE_IDENTIFIER = edu.macalester.COMP225.BookIt;
				PRODUCT_NAME = "$(TARGET_NAME)";
				SWIFT_VERSION = 3.0;
			};
			name = Release;
		};
/* End XCBuildConfiguration section */

/* Begin XCConfigurationList section */
		4CB220931E54E84C00AF0647 /* Build configuration list for PBXProject "BookIt" */ = {
			isa = XCConfigurationList;
			buildConfigurations = (
				4CB220A81E54E84C00AF0647 /* Debug */,
				4CB220A91E54E84C00AF0647 /* Release */,
			);
			defaultConfigurationIsVisible = 0;
			defaultConfigurationName = Release;
		};
		4CB220AA1E54E84C00AF0647 /* Build configuration list for PBXNativeTarget "BookIt" */ = {
			isa = XCConfigurationList;
			buildConfigurations = (
				4CB220AB1E54E84C00AF0647 /* Debug */,
				4CB220AC1E54E84C00AF0647 /* Release */,
			);
			defaultConfigurationIsVisible = 0;
			defaultConfigurationName = Release;
		};
/* End XCConfigurationList section */
	};
	rootObject = 4CB220901E54E84C00AF0647 /* Project object */;
}
